
Microsoft Visual Studio Solution File, Format Version 12.00
# Visual Studio 15
VisualStudioVersion = 15.0.27130.2027
MinimumVisualStudioVersion = 10.0.40219.1
Project("{FAE04EC0-301F-11D3-BF4B-00C04F79EFBC}") = "MessageQueueArchitecture.MSMQ", "MessageQueueArchitecture.MSMQ\MessageQueueArchitecture.MSMQ.csproj", "{369AC314-0E6E-490A-9FF7-D79A3E18A44B}"
EndProject
Project("{FAE04EC0-301F-11D3-BF4B-00C04F79EFBC}") = "MessageQueueArchitecture.AzureServiceBus", "MessageQueueArchitecture.AzureServiceBus\MessageQueueArchitecture.AzureServiceBus.csproj", "{177B1531-4145-45B3-A1A4-035BEEC8CA9D}"
EndProject
Project("{FAE04EC0-301F-11D3-BF4B-00C04F79EFBC}") = "MessageQueueArchitecture.Commons", "MessageQueueArchitecture.Commons\MessageQueueArchitecture.Commons.csproj", "{BDF93692-D247-4968-AD4D-A0A60CD693B2}"
EndProject
Project("{9A19103F-16F7-4668-BE54-9A1E7A4F7556}") = "BasicSendReceiveQuickStart", "BasicSendReceiveQuickStart\BasicSendReceiveQuickStart.csproj", "{79EA3A0D-CA50-45A5-9A75-6F43556CE809}"
EndProject
Project("{2150E333-8FDC-42A3-9474-1A3956D46DE8}") = "0. Solution Items", "0. Solution Items", "{F2272995-1B7D-4F2A-92CE-5C228E1D25B1}"
EndProject
Project("{9A19103F-16F7-4668-BE54-9A1E7A4F7556}") = "BasicSendReceiveTutorialWithFilters", "BasicSendReceiveTutorialWithFilters\BasicSendReceiveTutorialWithFilters.csproj", "{9801710F-5563-4363-A2D9-5074F60DF8BD}"
EndProject
Global
	GlobalSection(SolutionConfigurationPlatforms) = preSolution
		Debug|Any CPU = Debug|Any CPU
		Debug|ARM = Debug|ARM
		Debug|x64 = Debug|x64
		Debug|x86 = Debug|x86
		Release|Any CPU = Release|Any CPU
		Release|ARM = Release|ARM
		Release|x64 = Release|x64
		Release|x86 = Release|x86
	EndGlobalSection
	GlobalSection(ProjectConfigurationPlatforms) = postSolution
		{369AC314-0E6E-490A-9FF7-D79A3E18A44B}.Debug|Any CPU.ActiveCfg = Debug|Any CPU
		{369AC314-0E6E-490A-9FF7-D79A3E18A44B}.Debug|Any CPU.Build.0 = Debug|Any CPU
		{369AC314-0E6E-490A-9FF7-D79A3E18A44B}.Debug|ARM.ActiveCfg = Debug|Any CPU
		{369AC314-0E6E-490A-9FF7-D79A3E18A44B}.Debug|ARM.Build.0 = Debug|Any CPU
		{369AC314-0E6E-490A-9FF7-D79A3E18A44B}.Debug|x64.ActiveCfg = Debug|Any CPU
		{369AC314-0E6E-490A-9FF7-D79A3E18A44B}.Debug|x64.Build.0 = Debug|Any CPU
		{369AC314-0E6E-490A-9FF7-D79A3E18A44B}.Debug|x86.ActiveCfg = Debug|Any CPU
		{369AC314-0E6E-490A-9FF7-D79A3E18A44B}.Debug|x86.Build.0 = Debug|Any CPU
		{369AC314-0E6E-490A-9FF7-D79A3E18A44B}.Release|Any CPU.ActiveCfg = Release|Any CPU
		{369AC314-0E6E-490A-9FF7-D79A3E18A44B}.Release|Any CPU.Build.0 = Release|Any CPU
		{369AC314-0E6E-490A-9FF7-D79A3E18A44B}.Release|ARM.ActiveCfg = Release|Any CPU
		{369AC314-0E6E-490A-9FF7-D79A3E18A44B}.Release|ARM.Build.0 = Release|Any CPU
		{369AC314-0E6E-490A-9FF7-D79A3E18A44B}.Release|x64.ActiveCfg = Release|Any CPU
		{369AC314-0E6E-490A-9FF7-D79A3E18A44B}.Release|x64.Build.0 = Release|Any CPU
		{369AC314-0E6E-490A-9FF7-D79A3E18A44B}.Release|x86.ActiveCfg = Release|Any CPU
		{369AC314-0E6E-490A-9FF7-D79A3E18A44B}.Release|x86.Build.0 = Release|Any CPU
		{177B1531-4145-45B3-A1A4-035BEEC8CA9D}.Debug|Any CPU.ActiveCfg = Debug|Any CPU
		{177B1531-4145-45B3-A1A4-035BEEC8CA9D}.Debug|Any CPU.Build.0 = Debug|Any CPU
		{177B1531-4145-45B3-A1A4-035BEEC8CA9D}.Debug|ARM.ActiveCfg = Debug|Any CPU
		{177B1531-4145-45B3-A1A4-035BEEC8CA9D}.Debug|ARM.Build.0 = Debug|Any CPU
		{177B1531-4145-45B3-A1A4-035BEEC8CA9D}.Debug|x64.ActiveCfg = Debug|Any CPU
		{177B1531-4145-45B3-A1A4-035BEEC8CA9D}.Debug|x64.Build.0 = Debug|Any CPU
		{177B1531-4145-45B3-A1A4-035BEEC8CA9D}.Debug|x86.ActiveCfg = Debug|Any CPU
		{177B1531-4145-45B3-A1A4-035BEEC8CA9D}.Debug|x86.Build.0 = Debug|Any CPU
		{177B1531-4145-45B3-A1A4-035BEEC8CA9D}.Release|Any CPU.ActiveCfg = Release|Any CPU
		{177B1531-4145-45B3-A1A4-035BEEC8CA9D}.Release|Any CPU.Build.0 = Release|Any CPU
		{177B1531-4145-45B3-A1A4-035BEEC8CA9D}.Release|ARM.ActiveCfg = Release|Any CPU
		{177B1531-4145-45B3-A1A4-035BEEC8CA9D}.Release|ARM.Build.0 = Release|Any CPU
		{177B1531-4145-45B3-A1A4-035BEEC8CA9D}.Release|x64.ActiveCfg = Release|Any CPU
		{177B1531-4145-45B3-A1A4-035BEEC8CA9D}.Release|x64.Build.0 = Release|Any CPU
		{177B1531-4145-45B3-A1A4-035BEEC8CA9D}.Release|x86.ActiveCfg = Release|Any CPU
		{177B1531-4145-45B3-A1A4-035BEEC8CA9D}.Release|x86.Build.0 = Release|Any CPU
		{BDF93692-D247-4968-AD4D-A0A60CD693B2}.Debug|Any CPU.ActiveCfg = Debug|Any CPU
		{BDF93692-D247-4968-AD4D-A0A60CD693B2}.Debug|Any CPU.Build.0 = Debug|Any CPU
		{BDF93692-D247-4968-AD4D-A0A60CD693B2}.Debug|ARM.ActiveCfg = Debug|Any CPU
		{BDF93692-D247-4968-AD4D-A0A60CD693B2}.Debug|ARM.Build.0 = Debug|Any CPU
		{BDF93692-D247-4968-AD4D-A0A60CD693B2}.Debug|x64.ActiveCfg = Debug|Any CPU
		{BDF93692-D247-4968-AD4D-A0A60CD693B2}.Debug|x64.Build.0 = Debug|Any CPU
		{BDF93692-D247-4968-AD4D-A0A60CD693B2}.Debug|x86.ActiveCfg = Debug|Any CPU
		{BDF93692-D247-4968-AD4D-A0A60CD693B2}.Debug|x86.Build.0 = Debug|Any CPU
		{BDF93692-D247-4968-AD4D-A0A60CD693B2}.Release|Any CPU.ActiveCfg = Release|Any CPU
		{BDF93692-D247-4968-AD4D-A0A60CD693B2}.Release|Any CPU.Build.0 = Release|Any CPU
		{BDF93692-D247-4968-AD4D-A0A60CD693B2}.Release|ARM.ActiveCfg = Release|Any CPU
		{BDF93692-D247-4968-AD4D-A0A60CD693B2}.Release|ARM.Build.0 = Release|Any CPU
		{BDF93692-D247-4968-AD4D-A0A60CD693B2}.Release|x64.ActiveCfg = Release|Any CPU
		{BDF93692-D247-4968-AD4D-A0A60CD693B2}.Release|x64.Build.0 = Release|Any CPU
		{BDF93692-D247-4968-AD4D-A0A60CD693B2}.Release|x86.ActiveCfg = Release|Any CPU
		{BDF93692-D247-4968-AD4D-A0A60CD693B2}.Release|x86.Build.0 = Release|Any CPU
		{79EA3A0D-CA50-45A5-9A75-6F43556CE809}.Debug|Any CPU.ActiveCfg = Debug|Any CPU
		{79EA3A0D-CA50-45A5-9A75-6F43556CE809}.Debug|Any CPU.Build.0 = Debug|Any CPU
		{79EA3A0D-CA50-45A5-9A75-6F43556CE809}.Debug|ARM.ActiveCfg = Debug|Any CPU
		{79EA3A0D-CA50-45A5-9A75-6F43556CE809}.Debug|ARM.Build.0 = Debug|Any CPU
		{79EA3A0D-CA50-45A5-9A75-6F43556CE809}.Debug|x64.ActiveCfg = Debug|Any CPU
		{79EA3A0D-CA50-45A5-9A75-6F43556CE809}.Debug|x64.Build.0 = Debug|Any CPU
		{79EA3A0D-CA50-45A5-9A75-6F43556CE809}.Debug|x86.ActiveCfg = Debug|Any CPU
		{79EA3A0D-CA50-45A5-9A75-6F43556CE809}.Debug|x86.Build.0 = Debug|Any CPU
		{79EA3A0D-CA50-45A5-9A75-6F43556CE809}.Release|Any CPU.ActiveCfg = Release|Any CPU
		{79EA3A0D-CA50-45A5-9A75-6F43556CE809}.Release|Any CPU.Build.0 = Release|Any CPU
		{79EA3A0D-CA50-45A5-9A75-6F43556CE809}.Release|ARM.ActiveCfg = Release|Any CPU
		{79EA3A0D-CA50-45A5-9A75-6F43556CE809}.Release|ARM.Build.0 = Release|Any CPU
		{79EA3A0D-CA50-45A5-9A75-6F43556CE809}.Release|x64.ActiveCfg = Release|Any CPU
		{79EA3A0D-CA50-45A5-9A75-6F43556CE809}.Release|x64.Build.0 = Release|Any CPU
		{79EA3A0D-CA50-45A5-9A75-6F43556CE809}.Release|x86.ActiveCfg = Release|Any CPU
		{79EA3A0D-CA50-45A5-9A75-6F43556CE809}.Release|x86.Build.0 = Release|Any CPU
		{9801710F-5563-4363-A2D9-5074F60DF8BD}.Debug|Any CPU.ActiveCfg = Debug|Any CPU
		{9801710F-5563-4363-A2D9-5074F60DF8BD}.Debug|Any CPU.Build.0 = Debug|Any CPU
		{9801710F-5563-4363-A2D9-5074F60DF8BD}.Debug|ARM.ActiveCfg = Debug|Any CPU
		{9801710F-5563-4363-A2D9-5074F60DF8BD}.Debug|ARM.Build.0 = Debug|Any CPU
		{9801710F-5563-4363-A2D9-5074F60DF8BD}.Debug|x64.ActiveCfg = Debug|Any CPU
		{9801710F-5563-4363-A2D9-5074F60DF8BD}.Debug|x64.Build.0 = Debug|Any CPU
		{9801710F-5563-4363-A2D9-5074F60DF8BD}.Debug|x86.ActiveCfg = Debug|Any CPU
		{9801710F-5563-4363-A2D9-5074F60DF8BD}.Debug|x86.Build.0 = Debug|Any CPU
		{9801710F-5563-4363-A2D9-5074F60DF8BD}.Release|Any CPU.ActiveCfg = Release|Any CPU
		{9801710F-5563-4363-A2D9-5074F60DF8BD}.Release|Any CPU.Build.0 = Release|Any CPU
		{9801710F-5563-4363-A2D9-5074F60DF8BD}.Release|ARM.ActiveCfg = Release|Any CPU
		{9801710F-5563-4363-A2D9-5074F60DF8BD}.Release|ARM.Build.0 = Release|Any CPU
		{9801710F-5563-4363-A2D9-5074F60DF8BD}.Release|x64.ActiveCfg = Release|Any CPU
		{9801710F-5563-4363-A2D9-5074F60DF8BD}.Release|x64.Build.0 = Release|Any CPU
		{9801710F-5563-4363-A2D9-5074F60DF8BD}.Release|x86.ActiveCfg = Release|Any CPU
		{9801710F-5563-4363-A2D9-5074F60DF8BD}.Release|x86.Build.0 = Release|Any CPU
	EndGlobalSection
	GlobalSection(SolutionProperties) = preSolution
		HideSolutionNode = FALSE
	EndGlobalSection
	GlobalSection(NestedProjects) = preSolution
		{79EA3A0D-CA50-45A5-9A75-6F43556CE809} = {F2272995-1B7D-4F2A-92CE-5C228E1D25B1}
		{9801710F-5563-4363-A2D9-5074F60DF8BD} = {F2272995-1B7D-4F2A-92CE-5C228E1D25B1}
	EndGlobalSection
	GlobalSection(ExtensibilityGlobals) = postSolution
		SolutionGuid = {F9E45C5E-CD4F-440B-95E6-46ACEEFB1FF9}
	EndGlobalSection
EndGlobal
